
Microsoft Visual Studio Solution File, Format Version 12.00
# Visual Studio Version 17
VisualStudioVersion = 17.13.35828.75
MinimumVisualStudioVersion = 10.0.40219.1
Project("{FAE04EC0-301F-11D3-BF4B-00C04F79EFBC}") = "Ecommerce-Shahzeb", "Ecommerce-Shahzeb.csproj", "{171F4B2B-2673-41B1-9E42-A830BB924F40}"
EndProject
Project("{FAE04EC0-301F-11D3-BF4B-00C04F79EFBC}") = "ECommerce.DataAccessLayer", "ECommerce.DataAccessLayer\ECommerce.DataAccessLayer.csproj", "{1ABB2977-0D7C-BC79-47C6-926C9649D152}"
EndProject
Project("{FAE04EC0-301F-11D3-BF4B-00C04F79EFBC}") = "ECommerce.Domain", "ECommerce.Domain\ECommerce.Domain.csproj", "{17F99BF9-7DFE-F3DF-8AF8-E1F96903B5E4}"
EndProject
Global
	GlobalSection(SolutionConfigurationPlatforms) = preSolution
		Debug|Any CPU = Debug|Any CPU
		Release|Any CPU = Release|Any CPU
	EndGlobalSection
	GlobalSection(ProjectConfigurationPlatforms) = postSolution
		{171F4B2B-2673-41B1-9E42-A830BB924F40}.Debug|Any CPU.ActiveCfg = Debug|Any CPU
		{171F4B2B-2673-41B1-9E42-A830BB924F40}.Debug|Any CPU.Build.0 = Debug|Any CPU
		{171F4B2B-2673-41B1-9E42-A830BB924F40}.Release|Any CPU.ActiveCfg = Release|Any CPU
		{171F4B2B-2673-41B1-9E42-A830BB924F40}.Release|Any CPU.Build.0 = Release|Any CPU
		{1ABB2977-0D7C-BC79-47C6-926C9649D152}.Debug|Any CPU.ActiveCfg = Debug|Any CPU
		{1ABB2977-0D7C-BC79-47C6-926C9649D152}.Debug|Any CPU.Build.0 = Debug|Any CPU
		{1ABB2977-0D7C-BC79-47C6-926C9649D152}.Release|Any CPU.ActiveCfg = Release|Any CPU
		{1ABB2977-0D7C-BC79-47C6-926C9649D152}.Release|Any CPU.Build.0 = Release|Any CPU
		{17F99BF9-7DFE-F3DF-8AF8-E1F96903B5E4}.Debug|Any CPU.ActiveCfg = Debug|Any CPU
		{17F99BF9-7DFE-F3DF-8AF8-E1F96903B5E4}.Debug|Any CPU.Build.0 = Debug|Any CPU
		{17F99BF9-7DFE-F3DF-8AF8-E1F96903B5E4}.Release|Any CPU.ActiveCfg = Release|Any CPU
		{17F99BF9-7DFE-F3DF-8AF8-E1F96903B5E4}.Release|Any CPU.Build.0 = Release|Any CPU
	EndGlobalSection
	GlobalSection(SolutionProperties) = preSolution
		HideSolutionNode = FALSE
	EndGlobalSection
	GlobalSection(ExtensibilityGlobals) = postSolution
		SolutionGuid = {6CF7B637-A59B-4A29-B3F9-246EB2CD97F5}
	EndGlobalSection
EndGlobal
